
Microsoft Visual Studio Solution File, Format Version 12.00
# Visual Studio Version 17
VisualStudioVersion = 17.11.35327.3
MinimumVisualStudioVersion = 10.0.40219.1
Project("{FAE04EC0-301F-11D3-BF4B-00C04F79EFBC}") = "Görsel Programlama Sos Oyunu 1", "Görsel Programlama Sos Oyunu 1\Görsel Programlama Sos Oyunu 1.csproj", "{0772C1E7-04F2-437F-B935-993AB39D2A23}"
EndProject
Global
	GlobalSection(SolutionConfigurationPlatforms) = preSolution
		Debug|Any CPU = Debug|Any CPU
		Release|Any CPU = Release|Any CPU
	EndGlobalSection
	GlobalSection(ProjectConfigurationPlatforms) = postSolution
		{0772C1E7-04F2-437F-B935-993AB39D2A23}.Debug|Any CPU.ActiveCfg = Debug|Any CPU
		{0772C1E7-04F2-437F-B935-993AB39D2A23}.Debug|Any CPU.Build.0 = Debug|Any CPU
		{0772C1E7-04F2-437F-B935-993AB39D2A23}.Release|Any CPU.ActiveCfg = Release|Any CPU
		{0772C1E7-04F2-437F-B935-993AB39D2A23}.Release|Any CPU.Build.0 = Release|Any CPU
	EndGlobalSection
	GlobalSection(SolutionProperties) = preSolution
		HideSolutionNode = FALSE
	EndGlobalSection
	GlobalSection(ExtensibilityGlobals) = postSolution
		SolutionGuid = {23AC73F8-EF8E-4D9A-8200-D3FC45FF517B}
	EndGlobalSection
EndGlobal
