
Microsoft Visual Studio Solution File, Format Version 12.00
# Visual Studio Version 17
VisualStudioVersion = 17.13.35818.85 d17.13
MinimumVisualStudioVersion = 10.0.40219.1
Project("{FAE04EC0-301F-11D3-BF4B-00C04F79EFBC}") = "KargoTakipSistemi2", "KargoTakipSistemi2\KargoTakipSistemi2.csproj", "{4B64FFBB-5AC3-4202-A37C-20ED13609B96}"
EndProject
Global
	GlobalSection(SolutionConfigurationPlatforms) = preSolution
		Debug|Any CPU = Debug|Any CPU
		Release|Any CPU = Release|Any CPU
	EndGlobalSection
	GlobalSection(ProjectConfigurationPlatforms) = postSolution
		{4B64FFBB-5AC3-4202-A37C-20ED13609B96}.Debug|Any CPU.ActiveCfg = Debug|Any CPU
		{4B64FFBB-5AC3-4202-A37C-20ED13609B96}.Debug|Any CPU.Build.0 = Debug|Any CPU
		{4B64FFBB-5AC3-4202-A37C-20ED13609B96}.Release|Any CPU.ActiveCfg = Release|Any CPU
		{4B64FFBB-5AC3-4202-A37C-20ED13609B96}.Release|Any CPU.Build.0 = Release|Any CPU
	EndGlobalSection
	GlobalSection(SolutionProperties) = preSolution
		HideSolutionNode = FALSE
	EndGlobalSection
	GlobalSection(ExtensibilityGlobals) = postSolution
		SolutionGuid = {6332DEFB-78CB-4FB5-B428-F6E14B6E3C9F}
	EndGlobalSection
EndGlobal
