
Microsoft Visual Studio Solution File, Format Version 12.00
# Visual Studio Version 17
VisualStudioVersion = 17.11.35327.3
MinimumVisualStudioVersion = 10.0.40219.1
Project("{FAE04EC0-301F-11D3-BF4B-00C04F79EFBC}") = "Görsel Programlama Hesap Makinesi", "Görsel Programlama Hesap Makinesi\Görsel Programlama Hesap Makinesi.csproj", "{675E57D0-67CC-443D-8C5A-6A957ECFC8CB}"
EndProject
Global
	GlobalSection(SolutionConfigurationPlatforms) = preSolution
		Debug|Any CPU = Debug|Any CPU
		Release|Any CPU = Release|Any CPU
	EndGlobalSection
	GlobalSection(ProjectConfigurationPlatforms) = postSolution
		{675E57D0-67CC-443D-8C5A-6A957ECFC8CB}.Debug|Any CPU.ActiveCfg = Debug|Any CPU
		{675E57D0-67CC-443D-8C5A-6A957ECFC8CB}.Debug|Any CPU.Build.0 = Debug|Any CPU
		{675E57D0-67CC-443D-8C5A-6A957ECFC8CB}.Release|Any CPU.ActiveCfg = Release|Any CPU
		{675E57D0-67CC-443D-8C5A-6A957ECFC8CB}.Release|Any CPU.Build.0 = Release|Any CPU
	EndGlobalSection
	GlobalSection(SolutionProperties) = preSolution
		HideSolutionNode = FALSE
	EndGlobalSection
	GlobalSection(ExtensibilityGlobals) = postSolution
		SolutionGuid = {CAEDE37B-A245-48FB-87BE-A3566358B792}
	EndGlobalSection
EndGlobal
